
Microsoft Visual Studio Solution File, Format Version 12.00
# Visual Studio Version 16
VisualStudioVersion = 16.0.31702.278
MinimumVisualStudioVersion = 10.0.40219.1
Project("{9A19103F-16F7-4668-BE54-9A1E7A4F7556}") = "PSCIDemo", "PSCIDemo.csproj", "{C33E109B-C9DA-46B3-8D9E-9469828C6C5B}"
EndProject
Global
	GlobalSection(SolutionConfigurationPlatforms) = preSolution
		Debug|Any CPU = Debug|Any CPU
		Release|Any CPU = Release|Any CPU
	EndGlobalSection
	GlobalSection(ProjectConfigurationPlatforms) = postSolution
		{C33E109B-C9DA-46B3-8D9E-9469828C6C5B}.Debug|Any CPU.ActiveCfg = Debug|Any CPU
		{C33E109B-C9DA-46B3-8D9E-9469828C6C5B}.Debug|Any CPU.Build.0 = Debug|Any CPU
		{C33E109B-C9DA-46B3-8D9E-9469828C6C5B}.Release|Any CPU.ActiveCfg = Release|Any CPU
		{C33E109B-C9DA-46B3-8D9E-9469828C6C5B}.Release|Any CPU.Build.0 = Release|Any CPU
	EndGlobalSection
	GlobalSection(SolutionProperties) = preSolution
		HideSolutionNode = FALSE
	EndGlobalSection
	GlobalSection(ExtensibilityGlobals) = postSolution
		SolutionGuid = {3F35E028-E724-4747-8D0B-23E0114983FF}
	EndGlobalSection
EndGlobal
